
Microsoft Visual Studio Solution File, Format Version 12.00
# Visual Studio Version 17
VisualStudioVersion = 17.0.31912.275
MinimumVisualStudioVersion = 10.0.40219.1
Project("{FAE04EC0-301F-11D3-BF4B-00C04F79EFBC}") = "Ejercicio1UI.UWP", "Ejercicio1UI\Ejercicio1UI.UWP\Ejercicio1UI.UWP.csproj", "{F0DA1956-6CB6-4A42-9F79-1DD5E577AF6E}"
EndProject
Project("{FAE04EC0-301F-11D3-BF4B-00C04F79EFBC}") = "Ejercicio1UI.Android", "Ejercicio1UI\Ejercicio1UI.Android\Ejercicio1UI.Android.csproj", "{9CEF7EEE-0BCF-4122-92A4-87111CD5613F}"
EndProject
Project("{FAE04EC0-301F-11D3-BF4B-00C04F79EFBC}") = "Ejercicio1UI", "Ejercicio1UI\Ejercicio1UI\Ejercicio1UI.csproj", "{67DEF975-7AB7-46F9-87DE-649BE4102CBB}"
EndProject
Project("{FAE04EC0-301F-11D3-BF4B-00C04F79EFBC}") = "Ejercicio1Entidades", "Ejercicio1Entidades\Ejercicio1Entidades.csproj", "{9B2C2B5B-0B79-4161-88A9-647FFC6ADA50}"
EndProject
Project("{FAE04EC0-301F-11D3-BF4B-00C04F79EFBC}") = "Ejercicio1DAL", "Ejercicio1DAL\Ejercicio1DAL.csproj", "{C5FE025E-919A-46F8-92AD-0E2535D5439C}"
EndProject
Project("{FAE04EC0-301F-11D3-BF4B-00C04F79EFBC}") = "Ejercicio1BL", "Ejercicio1BL\Ejercicio1BL.csproj", "{D159AFB2-1EB1-4E45-BFAE-CA497C936A67}"
EndProject
Global
	GlobalSection(SolutionConfigurationPlatforms) = preSolution
		Debug|Any CPU = Debug|Any CPU
		Debug|ARM = Debug|ARM
		Debug|x64 = Debug|x64
		Debug|x86 = Debug|x86
		Release|Any CPU = Release|Any CPU
		Release|ARM = Release|ARM
		Release|x64 = Release|x64
		Release|x86 = Release|x86
	EndGlobalSection
	GlobalSection(ProjectConfigurationPlatforms) = postSolution
		{F0DA1956-6CB6-4A42-9F79-1DD5E577AF6E}.Debug|Any CPU.ActiveCfg = Debug|x64
		{F0DA1956-6CB6-4A42-9F79-1DD5E577AF6E}.Debug|Any CPU.Build.0 = Debug|x64
		{F0DA1956-6CB6-4A42-9F79-1DD5E577AF6E}.Debug|Any CPU.Deploy.0 = Debug|x64
		{F0DA1956-6CB6-4A42-9F79-1DD5E577AF6E}.Debug|ARM.ActiveCfg = Debug|ARM
		{F0DA1956-6CB6-4A42-9F79-1DD5E577AF6E}.Debug|ARM.Build.0 = Debug|ARM
		{F0DA1956-6CB6-4A42-9F79-1DD5E577AF6E}.Debug|ARM.Deploy.0 = Debug|ARM
		{F0DA1956-6CB6-4A42-9F79-1DD5E577AF6E}.Debug|x64.ActiveCfg = Debug|x64
		{F0DA1956-6CB6-4A42-9F79-1DD5E577AF6E}.Debug|x64.Build.0 = Debug|x64
		{F0DA1956-6CB6-4A42-9F79-1DD5E577AF6E}.Debug|x64.Deploy.0 = Debug|x64
		{F0DA1956-6CB6-4A42-9F79-1DD5E577AF6E}.Debug|x86.ActiveCfg = Debug|x86
		{F0DA1956-6CB6-4A42-9F79-1DD5E577AF6E}.Debug|x86.Build.0 = Debug|x86
		{F0DA1956-6CB6-4A42-9F79-1DD5E577AF6E}.Debug|x86.Deploy.0 = Debug|x86
		{F0DA1956-6CB6-4A42-9F79-1DD5E577AF6E}.Release|Any CPU.ActiveCfg = Release|x64
		{F0DA1956-6CB6-4A42-9F79-1DD5E577AF6E}.Release|Any CPU.Build.0 = Release|x64
		{F0DA1956-6CB6-4A42-9F79-1DD5E577AF6E}.Release|Any CPU.Deploy.0 = Release|x64
		{F0DA1956-6CB6-4A42-9F79-1DD5E577AF6E}.Release|ARM.ActiveCfg = Release|ARM
		{F0DA1956-6CB6-4A42-9F79-1DD5E577AF6E}.Release|ARM.Build.0 = Release|ARM
		{F0DA1956-6CB6-4A42-9F79-1DD5E577AF6E}.Release|ARM.Deploy.0 = Release|ARM
		{F0DA1956-6CB6-4A42-9F79-1DD5E577AF6E}.Release|x64.ActiveCfg = Release|x64
		{F0DA1956-6CB6-4A42-9F79-1DD5E577AF6E}.Release|x64.Build.0 = Release|x64
		{F0DA1956-6CB6-4A42-9F79-1DD5E577AF6E}.Release|x64.Deploy.0 = Release|x64
		{F0DA1956-6CB6-4A42-9F79-1DD5E577AF6E}.Release|x86.ActiveCfg = Release|x86
		{F0DA1956-6CB6-4A42-9F79-1DD5E577AF6E}.Release|x86.Build.0 = Release|x86
		{F0DA1956-6CB6-4A42-9F79-1DD5E577AF6E}.Release|x86.Deploy.0 = Release|x86
		{9CEF7EEE-0BCF-4122-92A4-87111CD5613F}.Debug|Any CPU.ActiveCfg = Debug|Any CPU
		{9CEF7EEE-0BCF-4122-92A4-87111CD5613F}.Debug|Any CPU.Build.0 = Debug|Any CPU
		{9CEF7EEE-0BCF-4122-92A4-87111CD5613F}.Debug|Any CPU.Deploy.0 = Debug|Any CPU
		{9CEF7EEE-0BCF-4122-92A4-87111CD5613F}.Debug|ARM.ActiveCfg = Debug|Any CPU
		{9CEF7EEE-0BCF-4122-92A4-87111CD5613F}.Debug|ARM.Build.0 = Debug|Any CPU
		{9CEF7EEE-0BCF-4122-92A4-87111CD5613F}.Debug|ARM.Deploy.0 = Debug|Any CPU
		{9CEF7EEE-0BCF-4122-92A4-87111CD5613F}.Debug|x64.ActiveCfg = Debug|Any CPU
		{9CEF7EEE-0BCF-4122-92A4-87111CD5613F}.Debug|x64.Build.0 = Debug|Any CPU
		{9CEF7EEE-0BCF-4122-92A4-87111CD5613F}.Debug|x64.Deploy.0 = Debug|Any CPU
		{9CEF7EEE-0BCF-4122-92A4-87111CD5613F}.Debug|x86.ActiveCfg = Debug|Any CPU
		{9CEF7EEE-0BCF-4122-92A4-87111CD5613F}.Debug|x86.Build.0 = Debug|Any CPU
		{9CEF7EEE-0BCF-4122-92A4-87111CD5613F}.Debug|x86.Deploy.0 = Debug|Any CPU
		{9CEF7EEE-0BCF-4122-92A4-87111CD5613F}.Release|Any CPU.ActiveCfg = Release|Any CPU
		{9CEF7EEE-0BCF-4122-92A4-87111CD5613F}.Release|Any CPU.Build.0 = Release|Any CPU
		{9CEF7EEE-0BCF-4122-92A4-87111CD5613F}.Release|Any CPU.Deploy.0 = Release|Any CPU
		{9CEF7EEE-0BCF-4122-92A4-87111CD5613F}.Release|ARM.ActiveCfg = Release|Any CPU
		{9CEF7EEE-0BCF-4122-92A4-87111CD5613F}.Release|ARM.Build.0 = Release|Any CPU
		{9CEF7EEE-0BCF-4122-92A4-87111CD5613F}.Release|ARM.Deploy.0 = Release|Any CPU
		{9CEF7EEE-0BCF-4122-92A4-87111CD5613F}.Release|x64.ActiveCfg = Release|Any CPU
		{9CEF7EEE-0BCF-4122-92A4-87111CD5613F}.Release|x64.Build.0 = Release|Any CPU
		{9CEF7EEE-0BCF-4122-92A4-87111CD5613F}.Release|x64.Deploy.0 = Release|Any CPU
		{9CEF7EEE-0BCF-4122-92A4-87111CD5613F}.Release|x86.ActiveCfg = Release|Any CPU
		{9CEF7EEE-0BCF-4122-92A4-87111CD5613F}.Release|x86.Build.0 = Release|Any CPU
		{9CEF7EEE-0BCF-4122-92A4-87111CD5613F}.Release|x86.Deploy.0 = Release|Any CPU
		{67DEF975-7AB7-46F9-87DE-649BE4102CBB}.Debug|Any CPU.ActiveCfg = Debug|Any CPU
		{67DEF975-7AB7-46F9-87DE-649BE4102CBB}.Debug|Any CPU.Build.0 = Debug|Any CPU
		{67DEF975-7AB7-46F9-87DE-649BE4102CBB}.Debug|Any CPU.Deploy.0 = Debug|Any CPU
		{67DEF975-7AB7-46F9-87DE-649BE4102CBB}.Debug|ARM.ActiveCfg = Debug|Any CPU
		{67DEF975-7AB7-46F9-87DE-649BE4102CBB}.Debug|ARM.Build.0 = Debug|Any CPU
		{67DEF975-7AB7-46F9-87DE-649BE4102CBB}.Debug|ARM.Deploy.0 = Debug|Any CPU
		{67DEF975-7AB7-46F9-87DE-649BE4102CBB}.Debug|x64.ActiveCfg = Debug|Any CPU
		{67DEF975-7AB7-46F9-87DE-649BE4102CBB}.Debug|x64.Build.0 = Debug|Any CPU
		{67DEF975-7AB7-46F9-87DE-649BE4102CBB}.Debug|x64.Deploy.0 = Debug|Any CPU
		{67DEF975-7AB7-46F9-87DE-649BE4102CBB}.Debug|x86.ActiveCfg = Debug|Any CPU
		{67DEF975-7AB7-46F9-87DE-649BE4102CBB}.Debug|x86.Build.0 = Debug|Any CPU
		{67DEF975-7AB7-46F9-87DE-649BE4102CBB}.Debug|x86.Deploy.0 = Debug|Any CPU
		{67DEF975-7AB7-46F9-87DE-649BE4102CBB}.Release|Any CPU.ActiveCfg = Release|Any CPU
		{67DEF975-7AB7-46F9-87DE-649BE4102CBB}.Release|Any CPU.Build.0 = Release|Any CPU
		{67DEF975-7AB7-46F9-87DE-649BE4102CBB}.Release|Any CPU.Deploy.0 = Release|Any CPU
		{67DEF975-7AB7-46F9-87DE-649BE4102CBB}.Release|ARM.ActiveCfg = Release|Any CPU
		{67DEF975-7AB7-46F9-87DE-649BE4102CBB}.Release|ARM.Build.0 = Release|Any CPU
		{67DEF975-7AB7-46F9-87DE-649BE4102CBB}.Release|ARM.Deploy.0 = Release|Any CPU
		{67DEF975-7AB7-46F9-87DE-649BE4102CBB}.Release|x64.ActiveCfg = Release|Any CPU
		{67DEF975-7AB7-46F9-87DE-649BE4102CBB}.Release|x64.Build.0 = Release|Any CPU
		{67DEF975-7AB7-46F9-87DE-649BE4102CBB}.Release|x64.Deploy.0 = Release|Any CPU
		{67DEF975-7AB7-46F9-87DE-649BE4102CBB}.Release|x86.ActiveCfg = Release|Any CPU
		{67DEF975-7AB7-46F9-87DE-649BE4102CBB}.Release|x86.Build.0 = Release|Any CPU
		{67DEF975-7AB7-46F9-87DE-649BE4102CBB}.Release|x86.Deploy.0 = Release|Any CPU
		{9B2C2B5B-0B79-4161-88A9-647FFC6ADA50}.Debug|Any CPU.ActiveCfg = Debug|Any CPU
		{9B2C2B5B-0B79-4161-88A9-647FFC6ADA50}.Debug|Any CPU.Build.0 = Debug|Any CPU
		{9B2C2B5B-0B79-4161-88A9-647FFC6ADA50}.Debug|ARM.ActiveCfg = Debug|Any CPU
		{9B2C2B5B-0B79-4161-88A9-647FFC6ADA50}.Debug|ARM.Build.0 = Debug|Any CPU
		{9B2C2B5B-0B79-4161-88A9-647FFC6ADA50}.Debug|x64.ActiveCfg = Debug|Any CPU
		{9B2C2B5B-0B79-4161-88A9-647FFC6ADA50}.Debug|x64.Build.0 = Debug|Any CPU
		{9B2C2B5B-0B79-4161-88A9-647FFC6ADA50}.Debug|x86.ActiveCfg = Debug|Any CPU
		{9B2C2B5B-0B79-4161-88A9-647FFC6ADA50}.Debug|x86.Build.0 = Debug|Any CPU
		{9B2C2B5B-0B79-4161-88A9-647FFC6ADA50}.Release|Any CPU.ActiveCfg = Release|Any CPU
		{9B2C2B5B-0B79-4161-88A9-647FFC6ADA50}.Release|Any CPU.Build.0 = Release|Any CPU
		{9B2C2B5B-0B79-4161-88A9-647FFC6ADA50}.Release|ARM.ActiveCfg = Release|Any CPU
		{9B2C2B5B-0B79-4161-88A9-647FFC6ADA50}.Release|ARM.Build.0 = Release|Any CPU
		{9B2C2B5B-0B79-4161-88A9-647FFC6ADA50}.Release|x64.ActiveCfg = Release|Any CPU
		{9B2C2B5B-0B79-4161-88A9-647FFC6ADA50}.Release|x64.Build.0 = Release|Any CPU
		{9B2C2B5B-0B79-4161-88A9-647FFC6ADA50}.Release|x86.ActiveCfg = Release|Any CPU
		{9B2C2B5B-0B79-4161-88A9-647FFC6ADA50}.Release|x86.Build.0 = Release|Any CPU
		{C5FE025E-919A-46F8-92AD-0E2535D5439C}.Debug|Any CPU.ActiveCfg = Debug|Any CPU
		{C5FE025E-919A-46F8-92AD-0E2535D5439C}.Debug|Any CPU.Build.0 = Debug|Any CPU
		{C5FE025E-919A-46F8-92AD-0E2535D5439C}.Debug|ARM.ActiveCfg = Debug|Any CPU
		{C5FE025E-919A-46F8-92AD-0E2535D5439C}.Debug|ARM.Build.0 = Debug|Any CPU
		{C5FE025E-919A-46F8-92AD-0E2535D5439C}.Debug|x64.ActiveCfg = Debug|Any CPU
		{C5FE025E-919A-46F8-92AD-0E2535D5439C}.Debug|x64.Build.0 = Debug|Any CPU
		{C5FE025E-919A-46F8-92AD-0E2535D5439C}.Debug|x86.ActiveCfg = Debug|Any CPU
		{C5FE025E-919A-46F8-92AD-0E2535D5439C}.Debug|x86.Build.0 = Debug|Any CPU
		{C5FE025E-919A-46F8-92AD-0E2535D5439C}.Release|Any CPU.ActiveCfg = Release|Any CPU
		{C5FE025E-919A-46F8-92AD-0E2535D5439C}.Release|Any CPU.Build.0 = Release|Any CPU
		{C5FE025E-919A-46F8-92AD-0E2535D5439C}.Release|ARM.ActiveCfg = Release|Any CPU
		{C5FE025E-919A-46F8-92AD-0E2535D5439C}.Release|ARM.Build.0 = Release|Any CPU
		{C5FE025E-919A-46F8-92AD-0E2535D5439C}.Release|x64.ActiveCfg = Release|Any CPU
		{C5FE025E-919A-46F8-92AD-0E2535D5439C}.Release|x64.Build.0 = Release|Any CPU
		{C5FE025E-919A-46F8-92AD-0E2535D5439C}.Release|x86.ActiveCfg = Release|Any CPU
		{C5FE025E-919A-46F8-92AD-0E2535D5439C}.Release|x86.Build.0 = Release|Any CPU
		{D159AFB2-1EB1-4E45-BFAE-CA497C936A67}.Debug|Any CPU.ActiveCfg = Debug|Any CPU
		{D159AFB2-1EB1-4E45-BFAE-CA497C936A67}.Debug|Any CPU.Build.0 = Debug|Any CPU
		{D159AFB2-1EB1-4E45-BFAE-CA497C936A67}.Debug|ARM.ActiveCfg = Debug|Any CPU
		{D159AFB2-1EB1-4E45-BFAE-CA497C936A67}.Debug|ARM.Build.0 = Debug|Any CPU
		{D159AFB2-1EB1-4E45-BFAE-CA497C936A67}.Debug|x64.ActiveCfg = Debug|Any CPU
		{D159AFB2-1EB1-4E45-BFAE-CA497C936A67}.Debug|x64.Build.0 = Debug|Any CPU
		{D159AFB2-1EB1-4E45-BFAE-CA497C936A67}.Debug|x86.ActiveCfg = Debug|Any CPU
		{D159AFB2-1EB1-4E45-BFAE-CA497C936A67}.Debug|x86.Build.0 = Debug|Any CPU
		{D159AFB2-1EB1-4E45-BFAE-CA497C936A67}.Release|Any CPU.ActiveCfg = Release|Any CPU
		{D159AFB2-1EB1-4E45-BFAE-CA497C936A67}.Release|Any CPU.Build.0 = Release|Any CPU
		{D159AFB2-1EB1-4E45-BFAE-CA497C936A67}.Release|ARM.ActiveCfg = Release|Any CPU
		{D159AFB2-1EB1-4E45-BFAE-CA497C936A67}.Release|ARM.Build.0 = Release|Any CPU
		{D159AFB2-1EB1-4E45-BFAE-CA497C936A67}.Release|x64.ActiveCfg = Release|Any CPU
		{D159AFB2-1EB1-4E45-BFAE-CA497C936A67}.Release|x64.Build.0 = Release|Any CPU
		{D159AFB2-1EB1-4E45-BFAE-CA497C936A67}.Release|x86.ActiveCfg = Release|Any CPU
		{D159AFB2-1EB1-4E45-BFAE-CA497C936A67}.Release|x86.Build.0 = Release|Any CPU
	EndGlobalSection
	GlobalSection(SolutionProperties) = preSolution
		HideSolutionNode = FALSE
	EndGlobalSection
	GlobalSection(ExtensibilityGlobals) = postSolution
		SolutionGuid = {78E14414-CCCD-4005-AE7F-A3C2DB826103}
	EndGlobalSection
EndGlobal
