
Microsoft Visual Studio Solution File, Format Version 12.00
# Visual Studio Version 16
VisualStudioVersion = 16.0.31829.152
MinimumVisualStudioVersion = 10.0.40219.1
Project("{FAE04EC0-301F-11D3-BF4B-00C04F79EFBC}") = "CRUD_Personas_UWP", "CRUD_Personas_UWP\CRUD_Personas_UWP.csproj", "{6ADEAF58-78B1-4353-B45E-9CFD179642FE}"
EndProject
Project("{FAE04EC0-301F-11D3-BF4B-00C04F79EFBC}") = "CRUD_Personas_ASP", "CRUD_Personas_ASP\CRUD_Personas_ASP.csproj", "{17BFB551-4530-4CB2-85D5-77B7B6765127}"
EndProject
Project("{FAE04EC0-301F-11D3-BF4B-00C04F79EFBC}") = "CRUD_Personas_DAL", "CRUD_Personas_DAL\CRUD_Personas_DAL.csproj", "{C02AA7F3-B542-4E18-B29E-AD32F8076AB8}"
EndProject
Project("{FAE04EC0-301F-11D3-BF4B-00C04F79EFBC}") = "CRUD_Personas_BL", "CRUD_Personas_BL\CRUD_Personas_BL.csproj", "{38626A3D-0D09-4BEE-946F-8A932252078E}"
EndProject
Project("{FAE04EC0-301F-11D3-BF4B-00C04F79EFBC}") = "CRUD_Personas_Entidades", "CRUD_Personas_Entidades\CRUD_Personas_Entidades.csproj", "{C6F550C5-1B68-49A2-A029-E21B8317CAFC}"
EndProject
Global
	GlobalSection(SolutionConfigurationPlatforms) = preSolution
		Debug|Any CPU = Debug|Any CPU
		Debug|ARM = Debug|ARM
		Debug|ARM64 = Debug|ARM64
		Debug|x64 = Debug|x64
		Debug|x86 = Debug|x86
		Release|Any CPU = Release|Any CPU
		Release|ARM = Release|ARM
		Release|ARM64 = Release|ARM64
		Release|x64 = Release|x64
		Release|x86 = Release|x86
	EndGlobalSection
	GlobalSection(ProjectConfigurationPlatforms) = postSolution
		{6ADEAF58-78B1-4353-B45E-9CFD179642FE}.Debug|Any CPU.ActiveCfg = Debug|x86
		{6ADEAF58-78B1-4353-B45E-9CFD179642FE}.Debug|ARM.ActiveCfg = Debug|ARM
		{6ADEAF58-78B1-4353-B45E-9CFD179642FE}.Debug|ARM.Build.0 = Debug|ARM
		{6ADEAF58-78B1-4353-B45E-9CFD179642FE}.Debug|ARM.Deploy.0 = Debug|ARM
		{6ADEAF58-78B1-4353-B45E-9CFD179642FE}.Debug|ARM64.ActiveCfg = Debug|ARM64
		{6ADEAF58-78B1-4353-B45E-9CFD179642FE}.Debug|ARM64.Build.0 = Debug|ARM64
		{6ADEAF58-78B1-4353-B45E-9CFD179642FE}.Debug|ARM64.Deploy.0 = Debug|ARM64
		{6ADEAF58-78B1-4353-B45E-9CFD179642FE}.Debug|x64.ActiveCfg = Debug|x64
		{6ADEAF58-78B1-4353-B45E-9CFD179642FE}.Debug|x64.Build.0 = Debug|x64
		{6ADEAF58-78B1-4353-B45E-9CFD179642FE}.Debug|x64.Deploy.0 = Debug|x64
		{6ADEAF58-78B1-4353-B45E-9CFD179642FE}.Debug|x86.ActiveCfg = Debug|x86
		{6ADEAF58-78B1-4353-B45E-9CFD179642FE}.Debug|x86.Build.0 = Debug|x86
		{6ADEAF58-78B1-4353-B45E-9CFD179642FE}.Debug|x86.Deploy.0 = Debug|x86
		{6ADEAF58-78B1-4353-B45E-9CFD179642FE}.Release|Any CPU.ActiveCfg = Release|x86
		{6ADEAF58-78B1-4353-B45E-9CFD179642FE}.Release|ARM.ActiveCfg = Release|ARM
		{6ADEAF58-78B1-4353-B45E-9CFD179642FE}.Release|ARM.Build.0 = Release|ARM
		{6ADEAF58-78B1-4353-B45E-9CFD179642FE}.Release|ARM.Deploy.0 = Release|ARM
		{6ADEAF58-78B1-4353-B45E-9CFD179642FE}.Release|ARM64.ActiveCfg = Release|ARM64
		{6ADEAF58-78B1-4353-B45E-9CFD179642FE}.Release|ARM64.Build.0 = Release|ARM64
		{6ADEAF58-78B1-4353-B45E-9CFD179642FE}.Release|ARM64.Deploy.0 = Release|ARM64
		{6ADEAF58-78B1-4353-B45E-9CFD179642FE}.Release|x64.ActiveCfg = Release|x64
		{6ADEAF58-78B1-4353-B45E-9CFD179642FE}.Release|x64.Build.0 = Release|x64
		{6ADEAF58-78B1-4353-B45E-9CFD179642FE}.Release|x64.Deploy.0 = Release|x64
		{6ADEAF58-78B1-4353-B45E-9CFD179642FE}.Release|x86.ActiveCfg = Release|x86
		{6ADEAF58-78B1-4353-B45E-9CFD179642FE}.Release|x86.Build.0 = Release|x86
		{6ADEAF58-78B1-4353-B45E-9CFD179642FE}.Release|x86.Deploy.0 = Release|x86
		{17BFB551-4530-4CB2-85D5-77B7B6765127}.Debug|Any CPU.ActiveCfg = Debug|Any CPU
		{17BFB551-4530-4CB2-85D5-77B7B6765127}.Debug|Any CPU.Build.0 = Debug|Any CPU
		{17BFB551-4530-4CB2-85D5-77B7B6765127}.Debug|ARM.ActiveCfg = Debug|Any CPU
		{17BFB551-4530-4CB2-85D5-77B7B6765127}.Debug|ARM.Build.0 = Debug|Any CPU
		{17BFB551-4530-4CB2-85D5-77B7B6765127}.Debug|ARM64.ActiveCfg = Debug|Any CPU
		{17BFB551-4530-4CB2-85D5-77B7B6765127}.Debug|ARM64.Build.0 = Debug|Any CPU
		{17BFB551-4530-4CB2-85D5-77B7B6765127}.Debug|x64.ActiveCfg = Debug|Any CPU
		{17BFB551-4530-4CB2-85D5-77B7B6765127}.Debug|x64.Build.0 = Debug|Any CPU
		{17BFB551-4530-4CB2-85D5-77B7B6765127}.Debug|x86.ActiveCfg = Debug|Any CPU
		{17BFB551-4530-4CB2-85D5-77B7B6765127}.Debug|x86.Build.0 = Debug|Any CPU
		{17BFB551-4530-4CB2-85D5-77B7B6765127}.Release|Any CPU.ActiveCfg = Release|Any CPU
		{17BFB551-4530-4CB2-85D5-77B7B6765127}.Release|Any CPU.Build.0 = Release|Any CPU
		{17BFB551-4530-4CB2-85D5-77B7B6765127}.Release|ARM.ActiveCfg = Release|Any CPU
		{17BFB551-4530-4CB2-85D5-77B7B6765127}.Release|ARM.Build.0 = Release|Any CPU
		{17BFB551-4530-4CB2-85D5-77B7B6765127}.Release|ARM64.ActiveCfg = Release|Any CPU
		{17BFB551-4530-4CB2-85D5-77B7B6765127}.Release|ARM64.Build.0 = Release|Any CPU
		{17BFB551-4530-4CB2-85D5-77B7B6765127}.Release|x64.ActiveCfg = Release|Any CPU
		{17BFB551-4530-4CB2-85D5-77B7B6765127}.Release|x64.Build.0 = Release|Any CPU
		{17BFB551-4530-4CB2-85D5-77B7B6765127}.Release|x86.ActiveCfg = Release|Any CPU
		{17BFB551-4530-4CB2-85D5-77B7B6765127}.Release|x86.Build.0 = Release|Any CPU
		{C02AA7F3-B542-4E18-B29E-AD32F8076AB8}.Debug|Any CPU.ActiveCfg = Debug|Any CPU
		{C02AA7F3-B542-4E18-B29E-AD32F8076AB8}.Debug|Any CPU.Build.0 = Debug|Any CPU
		{C02AA7F3-B542-4E18-B29E-AD32F8076AB8}.Debug|ARM.ActiveCfg = Debug|Any CPU
		{C02AA7F3-B542-4E18-B29E-AD32F8076AB8}.Debug|ARM.Build.0 = Debug|Any CPU
		{C02AA7F3-B542-4E18-B29E-AD32F8076AB8}.Debug|ARM64.ActiveCfg = Debug|Any CPU
		{C02AA7F3-B542-4E18-B29E-AD32F8076AB8}.Debug|ARM64.Build.0 = Debug|Any CPU
		{C02AA7F3-B542-4E18-B29E-AD32F8076AB8}.Debug|x64.ActiveCfg = Debug|Any CPU
		{C02AA7F3-B542-4E18-B29E-AD32F8076AB8}.Debug|x64.Build.0 = Debug|Any CPU
		{C02AA7F3-B542-4E18-B29E-AD32F8076AB8}.Debug|x86.ActiveCfg = Debug|Any CPU
		{C02AA7F3-B542-4E18-B29E-AD32F8076AB8}.Debug|x86.Build.0 = Debug|Any CPU
		{C02AA7F3-B542-4E18-B29E-AD32F8076AB8}.Release|Any CPU.ActiveCfg = Release|Any CPU
		{C02AA7F3-B542-4E18-B29E-AD32F8076AB8}.Release|Any CPU.Build.0 = Release|Any CPU
		{C02AA7F3-B542-4E18-B29E-AD32F8076AB8}.Release|ARM.ActiveCfg = Release|Any CPU
		{C02AA7F3-B542-4E18-B29E-AD32F8076AB8}.Release|ARM.Build.0 = Release|Any CPU
		{C02AA7F3-B542-4E18-B29E-AD32F8076AB8}.Release|ARM64.ActiveCfg = Release|Any CPU
		{C02AA7F3-B542-4E18-B29E-AD32F8076AB8}.Release|ARM64.Build.0 = Release|Any CPU
		{C02AA7F3-B542-4E18-B29E-AD32F8076AB8}.Release|x64.ActiveCfg = Release|Any CPU
		{C02AA7F3-B542-4E18-B29E-AD32F8076AB8}.Release|x64.Build.0 = Release|Any CPU
		{C02AA7F3-B542-4E18-B29E-AD32F8076AB8}.Release|x86.ActiveCfg = Release|Any CPU
		{C02AA7F3-B542-4E18-B29E-AD32F8076AB8}.Release|x86.Build.0 = Release|Any CPU
		{38626A3D-0D09-4BEE-946F-8A932252078E}.Debug|Any CPU.ActiveCfg = Debug|Any CPU
		{38626A3D-0D09-4BEE-946F-8A932252078E}.Debug|Any CPU.Build.0 = Debug|Any CPU
		{38626A3D-0D09-4BEE-946F-8A932252078E}.Debug|ARM.ActiveCfg = Debug|Any CPU
		{38626A3D-0D09-4BEE-946F-8A932252078E}.Debug|ARM.Build.0 = Debug|Any CPU
		{38626A3D-0D09-4BEE-946F-8A932252078E}.Debug|ARM64.ActiveCfg = Debug|Any CPU
		{38626A3D-0D09-4BEE-946F-8A932252078E}.Debug|ARM64.Build.0 = Debug|Any CPU
		{38626A3D-0D09-4BEE-946F-8A932252078E}.Debug|x64.ActiveCfg = Debug|Any CPU
		{38626A3D-0D09-4BEE-946F-8A932252078E}.Debug|x64.Build.0 = Debug|Any CPU
		{38626A3D-0D09-4BEE-946F-8A932252078E}.Debug|x86.ActiveCfg = Debug|Any CPU
		{38626A3D-0D09-4BEE-946F-8A932252078E}.Debug|x86.Build.0 = Debug|Any CPU
		{38626A3D-0D09-4BEE-946F-8A932252078E}.Release|Any CPU.ActiveCfg = Release|Any CPU
		{38626A3D-0D09-4BEE-946F-8A932252078E}.Release|Any CPU.Build.0 = Release|Any CPU
		{38626A3D-0D09-4BEE-946F-8A932252078E}.Release|ARM.ActiveCfg = Release|Any CPU
		{38626A3D-0D09-4BEE-946F-8A932252078E}.Release|ARM.Build.0 = Release|Any CPU
		{38626A3D-0D09-4BEE-946F-8A932252078E}.Release|ARM64.ActiveCfg = Release|Any CPU
		{38626A3D-0D09-4BEE-946F-8A932252078E}.Release|ARM64.Build.0 = Release|Any CPU
		{38626A3D-0D09-4BEE-946F-8A932252078E}.Release|x64.ActiveCfg = Release|Any CPU
		{38626A3D-0D09-4BEE-946F-8A932252078E}.Release|x64.Build.0 = Release|Any CPU
		{38626A3D-0D09-4BEE-946F-8A932252078E}.Release|x86.ActiveCfg = Release|Any CPU
		{38626A3D-0D09-4BEE-946F-8A932252078E}.Release|x86.Build.0 = Release|Any CPU
		{C6F550C5-1B68-49A2-A029-E21B8317CAFC}.Debug|Any CPU.ActiveCfg = Debug|Any CPU
		{C6F550C5-1B68-49A2-A029-E21B8317CAFC}.Debug|Any CPU.Build.0 = Debug|Any CPU
		{C6F550C5-1B68-49A2-A029-E21B8317CAFC}.Debug|ARM.ActiveCfg = Debug|Any CPU
		{C6F550C5-1B68-49A2-A029-E21B8317CAFC}.Debug|ARM.Build.0 = Debug|Any CPU
		{C6F550C5-1B68-49A2-A029-E21B8317CAFC}.Debug|ARM64.ActiveCfg = Debug|Any CPU
		{C6F550C5-1B68-49A2-A029-E21B8317CAFC}.Debug|ARM64.Build.0 = Debug|Any CPU
		{C6F550C5-1B68-49A2-A029-E21B8317CAFC}.Debug|x64.ActiveCfg = Debug|Any CPU
		{C6F550C5-1B68-49A2-A029-E21B8317CAFC}.Debug|x64.Build.0 = Debug|Any CPU
		{C6F550C5-1B68-49A2-A029-E21B8317CAFC}.Debug|x86.ActiveCfg = Debug|Any CPU
		{C6F550C5-1B68-49A2-A029-E21B8317CAFC}.Debug|x86.Build.0 = Debug|Any CPU
		{C6F550C5-1B68-49A2-A029-E21B8317CAFC}.Release|Any CPU.ActiveCfg = Release|Any CPU
		{C6F550C5-1B68-49A2-A029-E21B8317CAFC}.Release|Any CPU.Build.0 = Release|Any CPU
		{C6F550C5-1B68-49A2-A029-E21B8317CAFC}.Release|ARM.ActiveCfg = Release|Any CPU
		{C6F550C5-1B68-49A2-A029-E21B8317CAFC}.Release|ARM.Build.0 = Release|Any CPU
		{C6F550C5-1B68-49A2-A029-E21B8317CAFC}.Release|ARM64.ActiveCfg = Release|Any CPU
		{C6F550C5-1B68-49A2-A029-E21B8317CAFC}.Release|ARM64.Build.0 = Release|Any CPU
		{C6F550C5-1B68-49A2-A029-E21B8317CAFC}.Release|x64.ActiveCfg = Release|Any CPU
		{C6F550C5-1B68-49A2-A029-E21B8317CAFC}.Release|x64.Build.0 = Release|Any CPU
		{C6F550C5-1B68-49A2-A029-E21B8317CAFC}.Release|x86.ActiveCfg = Release|Any CPU
		{C6F550C5-1B68-49A2-A029-E21B8317CAFC}.Release|x86.Build.0 = Release|Any CPU
	EndGlobalSection
	GlobalSection(SolutionProperties) = preSolution
		HideSolutionNode = FALSE
	EndGlobalSection
	GlobalSection(ExtensibilityGlobals) = postSolution
		SolutionGuid = {621B0972-F7E7-40B9-9005-6EA29A619CB0}
	EndGlobalSection
EndGlobal
