
Microsoft Visual Studio Solution File, Format Version 12.00
# Visual Studio Version 17
VisualStudioVersion = 17.0.31912.275
MinimumVisualStudioVersion = 10.0.40219.1
Project("{FAE04EC0-301F-11D3-BF4B-00C04F79EFBC}") = "ExamenSGEMP_2T", "ExamenSGEMP_2T\ExamenSGEMP_2T.csproj", "{19B04C7D-524D-4299-8A93-EC8E2240B5E7}"
EndProject
Global
	GlobalSection(SolutionConfigurationPlatforms) = preSolution
		Debug|Any CPU = Debug|Any CPU
		Release|Any CPU = Release|Any CPU
	EndGlobalSection
	GlobalSection(ProjectConfigurationPlatforms) = postSolution
		{19B04C7D-524D-4299-8A93-EC8E2240B5E7}.Debug|Any CPU.ActiveCfg = Debug|Any CPU
		{19B04C7D-524D-4299-8A93-EC8E2240B5E7}.Debug|Any CPU.Build.0 = Debug|Any CPU
		{19B04C7D-524D-4299-8A93-EC8E2240B5E7}.Release|Any CPU.ActiveCfg = Release|Any CPU
		{19B04C7D-524D-4299-8A93-EC8E2240B5E7}.Release|Any CPU.Build.0 = Release|Any CPU
	EndGlobalSection
	GlobalSection(SolutionProperties) = preSolution
		HideSolutionNode = FALSE
	EndGlobalSection
	GlobalSection(ExtensibilityGlobals) = postSolution
		SolutionGuid = {5E8C6AF5-5B5A-49D3-8572-BA9311D844A8}
	EndGlobalSection
EndGlobal
