
Microsoft Visual Studio Solution File, Format Version 12.00
# Visual Studio Version 16
VisualStudioVersion = 16.0.30517.126
MinimumVisualStudioVersion = 10.0.40219.1
Project("{FAE04EC0-301F-11D3-BF4B-00C04F79EFBC}") = "01_Hello World_WPF_CSharp", "01_Hello World_WPF_CSharp\01_Hello World_WPF_CSharp.csproj", "{D54712C5-707E-48CA-962C-9326138DABE9}"
EndProject
Project("{F184B08F-C81C-45F6-A57F-5ABD9991F28F}") = "01_HelloWorld_VB_WindowsForms", "01_HelloWorld_VB_WindowsForms\01_HelloWorld_VB_WindowsForms.vbproj", "{8B8BC62A-97C1-4C96-8D0E-2F8678172477}"
EndProject
Project("{FAE04EC0-301F-11D3-BF4B-00C04F79EFBC}") = "Mis_Clases", "Mis_Clases\Mis_Clases.csproj", "{853B2E3C-538C-42C7-BE09-D1816218A482}"
EndProject
Global
	GlobalSection(SolutionConfigurationPlatforms) = preSolution
		Debug|Any CPU = Debug|Any CPU
		Release|Any CPU = Release|Any CPU
	EndGlobalSection
	GlobalSection(ProjectConfigurationPlatforms) = postSolution
		{D54712C5-707E-48CA-962C-9326138DABE9}.Debug|Any CPU.ActiveCfg = Debug|Any CPU
		{D54712C5-707E-48CA-962C-9326138DABE9}.Debug|Any CPU.Build.0 = Debug|Any CPU
		{D54712C5-707E-48CA-962C-9326138DABE9}.Release|Any CPU.ActiveCfg = Release|Any CPU
		{D54712C5-707E-48CA-962C-9326138DABE9}.Release|Any CPU.Build.0 = Release|Any CPU
		{8B8BC62A-97C1-4C96-8D0E-2F8678172477}.Debug|Any CPU.ActiveCfg = Debug|Any CPU
		{8B8BC62A-97C1-4C96-8D0E-2F8678172477}.Debug|Any CPU.Build.0 = Debug|Any CPU
		{8B8BC62A-97C1-4C96-8D0E-2F8678172477}.Release|Any CPU.ActiveCfg = Release|Any CPU
		{8B8BC62A-97C1-4C96-8D0E-2F8678172477}.Release|Any CPU.Build.0 = Release|Any CPU
		{853B2E3C-538C-42C7-BE09-D1816218A482}.Debug|Any CPU.ActiveCfg = Debug|Any CPU
		{853B2E3C-538C-42C7-BE09-D1816218A482}.Debug|Any CPU.Build.0 = Debug|Any CPU
		{853B2E3C-538C-42C7-BE09-D1816218A482}.Release|Any CPU.ActiveCfg = Release|Any CPU
		{853B2E3C-538C-42C7-BE09-D1816218A482}.Release|Any CPU.Build.0 = Release|Any CPU
	EndGlobalSection
	GlobalSection(SolutionProperties) = preSolution
		HideSolutionNode = FALSE
	EndGlobalSection
	GlobalSection(ExtensibilityGlobals) = postSolution
		SolutionGuid = {FCD6B581-B1A0-4763-920C-E8FBD6FCF7A0}
	EndGlobalSection
EndGlobal
