
Microsoft Visual Studio Solution File, Format Version 12.00
# Visual Studio Version 16
VisualStudioVersion = 16.0.30517.126
MinimumVisualStudioVersion = 10.0.40219.1
Project("{FAE04EC0-301F-11D3-BF4B-00C04F79EFBC}") = "Ejercicio8.1", "Ejercicio8.1\Ejercicio8.1.csproj", "{DE20FBC2-6294-4E9C-9B33-179B9E58B996}"
EndProject
Project("{FAE04EC0-301F-11D3-BF4B-00C04F79EFBC}") = "Ejercicio8.2", "Ejercicio8.2\Ejercicio8.2.csproj", "{AE814001-385C-4DCE-8B07-EC678E9F5C39}"
EndProject
Project("{FAE04EC0-301F-11D3-BF4B-00C04F79EFBC}") = "Ejercicio8.3", "Ejercicio8.3\Ejercicio8.3.csproj", "{8A0AD15F-352A-4247-AC66-83FB23FCD324}"
EndProject
Project("{FAE04EC0-301F-11D3-BF4B-00C04F79EFBC}") = "Ejercicio8.4", "Ejercicio8.4\Ejercicio8.4.csproj", "{4F97CCB5-B03F-4CA5-8029-A530E6747FC7}"
EndProject
Project("{FAE04EC0-301F-11D3-BF4B-00C04F79EFBC}") = "Ejercicio8.5", "Ejercicio8.5\Ejercicio8.5.csproj", "{3ED5452D-EB66-4958-9F9B-609354A7CD6B}"
EndProject
Project("{FAE04EC0-301F-11D3-BF4B-00C04F79EFBC}") = "Unidad8_Entidades", "Unidad8_Entidades\Unidad8_Entidades.csproj", "{1BB5E9E8-8CB0-48FC-8370-A74990324264}"
EndProject
Project("{FAE04EC0-301F-11D3-BF4B-00C04F79EFBC}") = "Unidad8_DAL", "Unidad8_DAL\Unidad8_DAL.csproj", "{6FCE6498-3A25-4833-A224-BC31FD4E17B9}"
EndProject
Project("{FAE04EC0-301F-11D3-BF4B-00C04F79EFBC}") = "Ejercicio8.6", "Ejercicio8.6\Ejercicio8.6.csproj", "{63AD9E37-1E37-416B-AECA-F638DD0DAC1C}"
EndProject
Global
	GlobalSection(SolutionConfigurationPlatforms) = preSolution
		Debug|Any CPU = Debug|Any CPU
		Debug|ARM = Debug|ARM
		Debug|ARM64 = Debug|ARM64
		Debug|x64 = Debug|x64
		Debug|x86 = Debug|x86
		Release|Any CPU = Release|Any CPU
		Release|ARM = Release|ARM
		Release|ARM64 = Release|ARM64
		Release|x64 = Release|x64
		Release|x86 = Release|x86
	EndGlobalSection
	GlobalSection(ProjectConfigurationPlatforms) = postSolution
		{DE20FBC2-6294-4E9C-9B33-179B9E58B996}.Debug|Any CPU.ActiveCfg = Debug|x86
		{DE20FBC2-6294-4E9C-9B33-179B9E58B996}.Debug|ARM.ActiveCfg = Debug|ARM
		{DE20FBC2-6294-4E9C-9B33-179B9E58B996}.Debug|ARM.Build.0 = Debug|ARM
		{DE20FBC2-6294-4E9C-9B33-179B9E58B996}.Debug|ARM.Deploy.0 = Debug|ARM
		{DE20FBC2-6294-4E9C-9B33-179B9E58B996}.Debug|ARM64.ActiveCfg = Debug|ARM64
		{DE20FBC2-6294-4E9C-9B33-179B9E58B996}.Debug|ARM64.Build.0 = Debug|ARM64
		{DE20FBC2-6294-4E9C-9B33-179B9E58B996}.Debug|ARM64.Deploy.0 = Debug|ARM64
		{DE20FBC2-6294-4E9C-9B33-179B9E58B996}.Debug|x64.ActiveCfg = Debug|x64
		{DE20FBC2-6294-4E9C-9B33-179B9E58B996}.Debug|x64.Build.0 = Debug|x64
		{DE20FBC2-6294-4E9C-9B33-179B9E58B996}.Debug|x64.Deploy.0 = Debug|x64
		{DE20FBC2-6294-4E9C-9B33-179B9E58B996}.Debug|x86.ActiveCfg = Debug|x86
		{DE20FBC2-6294-4E9C-9B33-179B9E58B996}.Debug|x86.Build.0 = Debug|x86
		{DE20FBC2-6294-4E9C-9B33-179B9E58B996}.Debug|x86.Deploy.0 = Debug|x86
		{DE20FBC2-6294-4E9C-9B33-179B9E58B996}.Release|Any CPU.ActiveCfg = Release|x86
		{DE20FBC2-6294-4E9C-9B33-179B9E58B996}.Release|ARM.ActiveCfg = Release|ARM
		{DE20FBC2-6294-4E9C-9B33-179B9E58B996}.Release|ARM.Build.0 = Release|ARM
		{DE20FBC2-6294-4E9C-9B33-179B9E58B996}.Release|ARM.Deploy.0 = Release|ARM
		{DE20FBC2-6294-4E9C-9B33-179B9E58B996}.Release|ARM64.ActiveCfg = Release|ARM64
		{DE20FBC2-6294-4E9C-9B33-179B9E58B996}.Release|ARM64.Build.0 = Release|ARM64
		{DE20FBC2-6294-4E9C-9B33-179B9E58B996}.Release|ARM64.Deploy.0 = Release|ARM64
		{DE20FBC2-6294-4E9C-9B33-179B9E58B996}.Release|x64.ActiveCfg = Release|x64
		{DE20FBC2-6294-4E9C-9B33-179B9E58B996}.Release|x64.Build.0 = Release|x64
		{DE20FBC2-6294-4E9C-9B33-179B9E58B996}.Release|x64.Deploy.0 = Release|x64
		{DE20FBC2-6294-4E9C-9B33-179B9E58B996}.Release|x86.ActiveCfg = Release|x86
		{DE20FBC2-6294-4E9C-9B33-179B9E58B996}.Release|x86.Build.0 = Release|x86
		{DE20FBC2-6294-4E9C-9B33-179B9E58B996}.Release|x86.Deploy.0 = Release|x86
		{AE814001-385C-4DCE-8B07-EC678E9F5C39}.Debug|Any CPU.ActiveCfg = Debug|x86
		{AE814001-385C-4DCE-8B07-EC678E9F5C39}.Debug|ARM.ActiveCfg = Debug|ARM
		{AE814001-385C-4DCE-8B07-EC678E9F5C39}.Debug|ARM.Build.0 = Debug|ARM
		{AE814001-385C-4DCE-8B07-EC678E9F5C39}.Debug|ARM.Deploy.0 = Debug|ARM
		{AE814001-385C-4DCE-8B07-EC678E9F5C39}.Debug|ARM64.ActiveCfg = Debug|ARM64
		{AE814001-385C-4DCE-8B07-EC678E9F5C39}.Debug|ARM64.Build.0 = Debug|ARM64
		{AE814001-385C-4DCE-8B07-EC678E9F5C39}.Debug|ARM64.Deploy.0 = Debug|ARM64
		{AE814001-385C-4DCE-8B07-EC678E9F5C39}.Debug|x64.ActiveCfg = Debug|x64
		{AE814001-385C-4DCE-8B07-EC678E9F5C39}.Debug|x64.Build.0 = Debug|x64
		{AE814001-385C-4DCE-8B07-EC678E9F5C39}.Debug|x64.Deploy.0 = Debug|x64
		{AE814001-385C-4DCE-8B07-EC678E9F5C39}.Debug|x86.ActiveCfg = Debug|x86
		{AE814001-385C-4DCE-8B07-EC678E9F5C39}.Debug|x86.Build.0 = Debug|x86
		{AE814001-385C-4DCE-8B07-EC678E9F5C39}.Debug|x86.Deploy.0 = Debug|x86
		{AE814001-385C-4DCE-8B07-EC678E9F5C39}.Release|Any CPU.ActiveCfg = Release|x86
		{AE814001-385C-4DCE-8B07-EC678E9F5C39}.Release|ARM.ActiveCfg = Release|ARM
		{AE814001-385C-4DCE-8B07-EC678E9F5C39}.Release|ARM.Build.0 = Release|ARM
		{AE814001-385C-4DCE-8B07-EC678E9F5C39}.Release|ARM.Deploy.0 = Release|ARM
		{AE814001-385C-4DCE-8B07-EC678E9F5C39}.Release|ARM64.ActiveCfg = Release|ARM64
		{AE814001-385C-4DCE-8B07-EC678E9F5C39}.Release|ARM64.Build.0 = Release|ARM64
		{AE814001-385C-4DCE-8B07-EC678E9F5C39}.Release|ARM64.Deploy.0 = Release|ARM64
		{AE814001-385C-4DCE-8B07-EC678E9F5C39}.Release|x64.ActiveCfg = Release|x64
		{AE814001-385C-4DCE-8B07-EC678E9F5C39}.Release|x64.Build.0 = Release|x64
		{AE814001-385C-4DCE-8B07-EC678E9F5C39}.Release|x64.Deploy.0 = Release|x64
		{AE814001-385C-4DCE-8B07-EC678E9F5C39}.Release|x86.ActiveCfg = Release|x86
		{AE814001-385C-4DCE-8B07-EC678E9F5C39}.Release|x86.Build.0 = Release|x86
		{AE814001-385C-4DCE-8B07-EC678E9F5C39}.Release|x86.Deploy.0 = Release|x86
		{8A0AD15F-352A-4247-AC66-83FB23FCD324}.Debug|Any CPU.ActiveCfg = Debug|x86
		{8A0AD15F-352A-4247-AC66-83FB23FCD324}.Debug|ARM.ActiveCfg = Debug|ARM
		{8A0AD15F-352A-4247-AC66-83FB23FCD324}.Debug|ARM.Build.0 = Debug|ARM
		{8A0AD15F-352A-4247-AC66-83FB23FCD324}.Debug|ARM.Deploy.0 = Debug|ARM
		{8A0AD15F-352A-4247-AC66-83FB23FCD324}.Debug|ARM64.ActiveCfg = Debug|ARM64
		{8A0AD15F-352A-4247-AC66-83FB23FCD324}.Debug|ARM64.Build.0 = Debug|ARM64
		{8A0AD15F-352A-4247-AC66-83FB23FCD324}.Debug|ARM64.Deploy.0 = Debug|ARM64
		{8A0AD15F-352A-4247-AC66-83FB23FCD324}.Debug|x64.ActiveCfg = Debug|x64
		{8A0AD15F-352A-4247-AC66-83FB23FCD324}.Debug|x64.Build.0 = Debug|x64
		{8A0AD15F-352A-4247-AC66-83FB23FCD324}.Debug|x64.Deploy.0 = Debug|x64
		{8A0AD15F-352A-4247-AC66-83FB23FCD324}.Debug|x86.ActiveCfg = Debug|x86
		{8A0AD15F-352A-4247-AC66-83FB23FCD324}.Debug|x86.Build.0 = Debug|x86
		{8A0AD15F-352A-4247-AC66-83FB23FCD324}.Debug|x86.Deploy.0 = Debug|x86
		{8A0AD15F-352A-4247-AC66-83FB23FCD324}.Release|Any CPU.ActiveCfg = Release|x86
		{8A0AD15F-352A-4247-AC66-83FB23FCD324}.Release|ARM.ActiveCfg = Release|ARM
		{8A0AD15F-352A-4247-AC66-83FB23FCD324}.Release|ARM.Build.0 = Release|ARM
		{8A0AD15F-352A-4247-AC66-83FB23FCD324}.Release|ARM.Deploy.0 = Release|ARM
		{8A0AD15F-352A-4247-AC66-83FB23FCD324}.Release|ARM64.ActiveCfg = Release|ARM64
		{8A0AD15F-352A-4247-AC66-83FB23FCD324}.Release|ARM64.Build.0 = Release|ARM64
		{8A0AD15F-352A-4247-AC66-83FB23FCD324}.Release|ARM64.Deploy.0 = Release|ARM64
		{8A0AD15F-352A-4247-AC66-83FB23FCD324}.Release|x64.ActiveCfg = Release|x64
		{8A0AD15F-352A-4247-AC66-83FB23FCD324}.Release|x64.Build.0 = Release|x64
		{8A0AD15F-352A-4247-AC66-83FB23FCD324}.Release|x64.Deploy.0 = Release|x64
		{8A0AD15F-352A-4247-AC66-83FB23FCD324}.Release|x86.ActiveCfg = Release|x86
		{8A0AD15F-352A-4247-AC66-83FB23FCD324}.Release|x86.Build.0 = Release|x86
		{8A0AD15F-352A-4247-AC66-83FB23FCD324}.Release|x86.Deploy.0 = Release|x86
		{4F97CCB5-B03F-4CA5-8029-A530E6747FC7}.Debug|Any CPU.ActiveCfg = Debug|x86
		{4F97CCB5-B03F-4CA5-8029-A530E6747FC7}.Debug|ARM.ActiveCfg = Debug|ARM
		{4F97CCB5-B03F-4CA5-8029-A530E6747FC7}.Debug|ARM.Build.0 = Debug|ARM
		{4F97CCB5-B03F-4CA5-8029-A530E6747FC7}.Debug|ARM.Deploy.0 = Debug|ARM
		{4F97CCB5-B03F-4CA5-8029-A530E6747FC7}.Debug|ARM64.ActiveCfg = Debug|ARM64
		{4F97CCB5-B03F-4CA5-8029-A530E6747FC7}.Debug|ARM64.Build.0 = Debug|ARM64
		{4F97CCB5-B03F-4CA5-8029-A530E6747FC7}.Debug|ARM64.Deploy.0 = Debug|ARM64
		{4F97CCB5-B03F-4CA5-8029-A530E6747FC7}.Debug|x64.ActiveCfg = Debug|x64
		{4F97CCB5-B03F-4CA5-8029-A530E6747FC7}.Debug|x64.Build.0 = Debug|x64
		{4F97CCB5-B03F-4CA5-8029-A530E6747FC7}.Debug|x64.Deploy.0 = Debug|x64
		{4F97CCB5-B03F-4CA5-8029-A530E6747FC7}.Debug|x86.ActiveCfg = Debug|x86
		{4F97CCB5-B03F-4CA5-8029-A530E6747FC7}.Debug|x86.Build.0 = Debug|x86
		{4F97CCB5-B03F-4CA5-8029-A530E6747FC7}.Debug|x86.Deploy.0 = Debug|x86
		{4F97CCB5-B03F-4CA5-8029-A530E6747FC7}.Release|Any CPU.ActiveCfg = Release|x86
		{4F97CCB5-B03F-4CA5-8029-A530E6747FC7}.Release|ARM.ActiveCfg = Release|ARM
		{4F97CCB5-B03F-4CA5-8029-A530E6747FC7}.Release|ARM.Build.0 = Release|ARM
		{4F97CCB5-B03F-4CA5-8029-A530E6747FC7}.Release|ARM.Deploy.0 = Release|ARM
		{4F97CCB5-B03F-4CA5-8029-A530E6747FC7}.Release|ARM64.ActiveCfg = Release|ARM64
		{4F97CCB5-B03F-4CA5-8029-A530E6747FC7}.Release|ARM64.Build.0 = Release|ARM64
		{4F97CCB5-B03F-4CA5-8029-A530E6747FC7}.Release|ARM64.Deploy.0 = Release|ARM64
		{4F97CCB5-B03F-4CA5-8029-A530E6747FC7}.Release|x64.ActiveCfg = Release|x64
		{4F97CCB5-B03F-4CA5-8029-A530E6747FC7}.Release|x64.Build.0 = Release|x64
		{4F97CCB5-B03F-4CA5-8029-A530E6747FC7}.Release|x64.Deploy.0 = Release|x64
		{4F97CCB5-B03F-4CA5-8029-A530E6747FC7}.Release|x86.ActiveCfg = Release|x86
		{4F97CCB5-B03F-4CA5-8029-A530E6747FC7}.Release|x86.Build.0 = Release|x86
		{4F97CCB5-B03F-4CA5-8029-A530E6747FC7}.Release|x86.Deploy.0 = Release|x86
		{3ED5452D-EB66-4958-9F9B-609354A7CD6B}.Debug|Any CPU.ActiveCfg = Debug|x86
		{3ED5452D-EB66-4958-9F9B-609354A7CD6B}.Debug|ARM.ActiveCfg = Debug|ARM
		{3ED5452D-EB66-4958-9F9B-609354A7CD6B}.Debug|ARM.Build.0 = Debug|ARM
		{3ED5452D-EB66-4958-9F9B-609354A7CD6B}.Debug|ARM.Deploy.0 = Debug|ARM
		{3ED5452D-EB66-4958-9F9B-609354A7CD6B}.Debug|ARM64.ActiveCfg = Debug|ARM64
		{3ED5452D-EB66-4958-9F9B-609354A7CD6B}.Debug|ARM64.Build.0 = Debug|ARM64
		{3ED5452D-EB66-4958-9F9B-609354A7CD6B}.Debug|ARM64.Deploy.0 = Debug|ARM64
		{3ED5452D-EB66-4958-9F9B-609354A7CD6B}.Debug|x64.ActiveCfg = Debug|x64
		{3ED5452D-EB66-4958-9F9B-609354A7CD6B}.Debug|x64.Build.0 = Debug|x64
		{3ED5452D-EB66-4958-9F9B-609354A7CD6B}.Debug|x64.Deploy.0 = Debug|x64
		{3ED5452D-EB66-4958-9F9B-609354A7CD6B}.Debug|x86.ActiveCfg = Debug|x86
		{3ED5452D-EB66-4958-9F9B-609354A7CD6B}.Debug|x86.Build.0 = Debug|x86
		{3ED5452D-EB66-4958-9F9B-609354A7CD6B}.Debug|x86.Deploy.0 = Debug|x86
		{3ED5452D-EB66-4958-9F9B-609354A7CD6B}.Release|Any CPU.ActiveCfg = Release|x86
		{3ED5452D-EB66-4958-9F9B-609354A7CD6B}.Release|ARM.ActiveCfg = Release|ARM
		{3ED5452D-EB66-4958-9F9B-609354A7CD6B}.Release|ARM.Build.0 = Release|ARM
		{3ED5452D-EB66-4958-9F9B-609354A7CD6B}.Release|ARM.Deploy.0 = Release|ARM
		{3ED5452D-EB66-4958-9F9B-609354A7CD6B}.Release|ARM64.ActiveCfg = Release|ARM64
		{3ED5452D-EB66-4958-9F9B-609354A7CD6B}.Release|ARM64.Build.0 = Release|ARM64
		{3ED5452D-EB66-4958-9F9B-609354A7CD6B}.Release|ARM64.Deploy.0 = Release|ARM64
		{3ED5452D-EB66-4958-9F9B-609354A7CD6B}.Release|x64.ActiveCfg = Release|x64
		{3ED5452D-EB66-4958-9F9B-609354A7CD6B}.Release|x64.Build.0 = Release|x64
		{3ED5452D-EB66-4958-9F9B-609354A7CD6B}.Release|x64.Deploy.0 = Release|x64
		{3ED5452D-EB66-4958-9F9B-609354A7CD6B}.Release|x86.ActiveCfg = Release|x86
		{3ED5452D-EB66-4958-9F9B-609354A7CD6B}.Release|x86.Build.0 = Release|x86
		{3ED5452D-EB66-4958-9F9B-609354A7CD6B}.Release|x86.Deploy.0 = Release|x86
		{1BB5E9E8-8CB0-48FC-8370-A74990324264}.Debug|Any CPU.ActiveCfg = Debug|Any CPU
		{1BB5E9E8-8CB0-48FC-8370-A74990324264}.Debug|Any CPU.Build.0 = Debug|Any CPU
		{1BB5E9E8-8CB0-48FC-8370-A74990324264}.Debug|ARM.ActiveCfg = Debug|Any CPU
		{1BB5E9E8-8CB0-48FC-8370-A74990324264}.Debug|ARM.Build.0 = Debug|Any CPU
		{1BB5E9E8-8CB0-48FC-8370-A74990324264}.Debug|ARM64.ActiveCfg = Debug|Any CPU
		{1BB5E9E8-8CB0-48FC-8370-A74990324264}.Debug|ARM64.Build.0 = Debug|Any CPU
		{1BB5E9E8-8CB0-48FC-8370-A74990324264}.Debug|x64.ActiveCfg = Debug|Any CPU
		{1BB5E9E8-8CB0-48FC-8370-A74990324264}.Debug|x64.Build.0 = Debug|Any CPU
		{1BB5E9E8-8CB0-48FC-8370-A74990324264}.Debug|x86.ActiveCfg = Debug|Any CPU
		{1BB5E9E8-8CB0-48FC-8370-A74990324264}.Debug|x86.Build.0 = Debug|Any CPU
		{1BB5E9E8-8CB0-48FC-8370-A74990324264}.Release|Any CPU.ActiveCfg = Release|Any CPU
		{1BB5E9E8-8CB0-48FC-8370-A74990324264}.Release|Any CPU.Build.0 = Release|Any CPU
		{1BB5E9E8-8CB0-48FC-8370-A74990324264}.Release|ARM.ActiveCfg = Release|Any CPU
		{1BB5E9E8-8CB0-48FC-8370-A74990324264}.Release|ARM.Build.0 = Release|Any CPU
		{1BB5E9E8-8CB0-48FC-8370-A74990324264}.Release|ARM64.ActiveCfg = Release|Any CPU
		{1BB5E9E8-8CB0-48FC-8370-A74990324264}.Release|ARM64.Build.0 = Release|Any CPU
		{1BB5E9E8-8CB0-48FC-8370-A74990324264}.Release|x64.ActiveCfg = Release|Any CPU
		{1BB5E9E8-8CB0-48FC-8370-A74990324264}.Release|x64.Build.0 = Release|Any CPU
		{1BB5E9E8-8CB0-48FC-8370-A74990324264}.Release|x86.ActiveCfg = Release|Any CPU
		{1BB5E9E8-8CB0-48FC-8370-A74990324264}.Release|x86.Build.0 = Release|Any CPU
		{6FCE6498-3A25-4833-A224-BC31FD4E17B9}.Debug|Any CPU.ActiveCfg = Debug|Any CPU
		{6FCE6498-3A25-4833-A224-BC31FD4E17B9}.Debug|Any CPU.Build.0 = Debug|Any CPU
		{6FCE6498-3A25-4833-A224-BC31FD4E17B9}.Debug|ARM.ActiveCfg = Debug|Any CPU
		{6FCE6498-3A25-4833-A224-BC31FD4E17B9}.Debug|ARM.Build.0 = Debug|Any CPU
		{6FCE6498-3A25-4833-A224-BC31FD4E17B9}.Debug|ARM64.ActiveCfg = Debug|Any CPU
		{6FCE6498-3A25-4833-A224-BC31FD4E17B9}.Debug|ARM64.Build.0 = Debug|Any CPU
		{6FCE6498-3A25-4833-A224-BC31FD4E17B9}.Debug|x64.ActiveCfg = Debug|Any CPU
		{6FCE6498-3A25-4833-A224-BC31FD4E17B9}.Debug|x64.Build.0 = Debug|Any CPU
		{6FCE6498-3A25-4833-A224-BC31FD4E17B9}.Debug|x86.ActiveCfg = Debug|Any CPU
		{6FCE6498-3A25-4833-A224-BC31FD4E17B9}.Debug|x86.Build.0 = Debug|Any CPU
		{6FCE6498-3A25-4833-A224-BC31FD4E17B9}.Release|Any CPU.ActiveCfg = Release|Any CPU
		{6FCE6498-3A25-4833-A224-BC31FD4E17B9}.Release|Any CPU.Build.0 = Release|Any CPU
		{6FCE6498-3A25-4833-A224-BC31FD4E17B9}.Release|ARM.ActiveCfg = Release|Any CPU
		{6FCE6498-3A25-4833-A224-BC31FD4E17B9}.Release|ARM.Build.0 = Release|Any CPU
		{6FCE6498-3A25-4833-A224-BC31FD4E17B9}.Release|ARM64.ActiveCfg = Release|Any CPU
		{6FCE6498-3A25-4833-A224-BC31FD4E17B9}.Release|ARM64.Build.0 = Release|Any CPU
		{6FCE6498-3A25-4833-A224-BC31FD4E17B9}.Release|x64.ActiveCfg = Release|Any CPU
		{6FCE6498-3A25-4833-A224-BC31FD4E17B9}.Release|x64.Build.0 = Release|Any CPU
		{6FCE6498-3A25-4833-A224-BC31FD4E17B9}.Release|x86.ActiveCfg = Release|Any CPU
		{6FCE6498-3A25-4833-A224-BC31FD4E17B9}.Release|x86.Build.0 = Release|Any CPU
		{63AD9E37-1E37-416B-AECA-F638DD0DAC1C}.Debug|Any CPU.ActiveCfg = Debug|x86
		{63AD9E37-1E37-416B-AECA-F638DD0DAC1C}.Debug|Any CPU.Build.0 = Debug|x86
		{63AD9E37-1E37-416B-AECA-F638DD0DAC1C}.Debug|ARM.ActiveCfg = Debug|ARM
		{63AD9E37-1E37-416B-AECA-F638DD0DAC1C}.Debug|ARM.Build.0 = Debug|ARM
		{63AD9E37-1E37-416B-AECA-F638DD0DAC1C}.Debug|ARM.Deploy.0 = Debug|ARM
		{63AD9E37-1E37-416B-AECA-F638DD0DAC1C}.Debug|ARM64.ActiveCfg = Debug|ARM64
		{63AD9E37-1E37-416B-AECA-F638DD0DAC1C}.Debug|ARM64.Build.0 = Debug|ARM64
		{63AD9E37-1E37-416B-AECA-F638DD0DAC1C}.Debug|ARM64.Deploy.0 = Debug|ARM64
		{63AD9E37-1E37-416B-AECA-F638DD0DAC1C}.Debug|x64.ActiveCfg = Debug|x64
		{63AD9E37-1E37-416B-AECA-F638DD0DAC1C}.Debug|x64.Build.0 = Debug|x64
		{63AD9E37-1E37-416B-AECA-F638DD0DAC1C}.Debug|x64.Deploy.0 = Debug|x64
		{63AD9E37-1E37-416B-AECA-F638DD0DAC1C}.Debug|x86.ActiveCfg = Debug|x86
		{63AD9E37-1E37-416B-AECA-F638DD0DAC1C}.Debug|x86.Build.0 = Debug|x86
		{63AD9E37-1E37-416B-AECA-F638DD0DAC1C}.Debug|x86.Deploy.0 = Debug|x86
		{63AD9E37-1E37-416B-AECA-F638DD0DAC1C}.Release|Any CPU.ActiveCfg = Release|x86
		{63AD9E37-1E37-416B-AECA-F638DD0DAC1C}.Release|ARM.ActiveCfg = Release|ARM
		{63AD9E37-1E37-416B-AECA-F638DD0DAC1C}.Release|ARM.Build.0 = Release|ARM
		{63AD9E37-1E37-416B-AECA-F638DD0DAC1C}.Release|ARM.Deploy.0 = Release|ARM
		{63AD9E37-1E37-416B-AECA-F638DD0DAC1C}.Release|ARM64.ActiveCfg = Release|ARM64
		{63AD9E37-1E37-416B-AECA-F638DD0DAC1C}.Release|ARM64.Build.0 = Release|ARM64
		{63AD9E37-1E37-416B-AECA-F638DD0DAC1C}.Release|ARM64.Deploy.0 = Release|ARM64
		{63AD9E37-1E37-416B-AECA-F638DD0DAC1C}.Release|x64.ActiveCfg = Release|x64
		{63AD9E37-1E37-416B-AECA-F638DD0DAC1C}.Release|x64.Build.0 = Release|x64
		{63AD9E37-1E37-416B-AECA-F638DD0DAC1C}.Release|x64.Deploy.0 = Release|x64
		{63AD9E37-1E37-416B-AECA-F638DD0DAC1C}.Release|x86.ActiveCfg = Release|x86
		{63AD9E37-1E37-416B-AECA-F638DD0DAC1C}.Release|x86.Build.0 = Release|x86
		{63AD9E37-1E37-416B-AECA-F638DD0DAC1C}.Release|x86.Deploy.0 = Release|x86
	EndGlobalSection
	GlobalSection(SolutionProperties) = preSolution
		HideSolutionNode = FALSE
	EndGlobalSection
	GlobalSection(ExtensibilityGlobals) = postSolution
		SolutionGuid = {907028AA-37B7-4514-B7EB-65480D66D7F7}
	EndGlobalSection
EndGlobal
